
Microsoft Visual Studio Solution File, Format Version 12.00
# Visual Studio 15
VisualStudioVersion = 15.0.27130.2024
MinimumVisualStudioVersion = 10.0.40219.1
Project("{FAE04EC0-301F-11D3-BF4B-00C04F79EFBC}") = "Hello-WorldAPI", "Hello-WorldAPI\Hello-WorldAPI.csproj", "{5C820DDA-16D6-49E9-9E4C-83D5DA55A407}"
EndProject
Project("{E53339B2-1760-4266-BCC7-CA923CBCF16C}") = "docker-compose", "docker-compose.dcproj", "{26A106BD-62CC-4C52-9829-3DF89A8BB2BB}"
EndProject
Global
	GlobalSection(SolutionConfigurationPlatforms) = preSolution
		Debug|Any CPU = Debug|Any CPU
		Release|Any CPU = Release|Any CPU
	EndGlobalSection
	GlobalSection(ProjectConfigurationPlatforms) = postSolution
		{5C820DDA-16D6-49E9-9E4C-83D5DA55A407}.Debug|Any CPU.ActiveCfg = Debug|Any CPU
		{5C820DDA-16D6-49E9-9E4C-83D5DA55A407}.Debug|Any CPU.Build.0 = Debug|Any CPU
		{5C820DDA-16D6-49E9-9E4C-83D5DA55A407}.Release|Any CPU.ActiveCfg = Release|Any CPU
		{5C820DDA-16D6-49E9-9E4C-83D5DA55A407}.Release|Any CPU.Build.0 = Release|Any CPU
		{26A106BD-62CC-4C52-9829-3DF89A8BB2BB}.Debug|Any CPU.ActiveCfg = Debug|Any CPU
		{26A106BD-62CC-4C52-9829-3DF89A8BB2BB}.Debug|Any CPU.Build.0 = Debug|Any CPU
		{26A106BD-62CC-4C52-9829-3DF89A8BB2BB}.Release|Any CPU.ActiveCfg = Release|Any CPU
		{26A106BD-62CC-4C52-9829-3DF89A8BB2BB}.Release|Any CPU.Build.0 = Release|Any CPU
	EndGlobalSection
	GlobalSection(SolutionProperties) = preSolution
		HideSolutionNode = FALSE
	EndGlobalSection
	GlobalSection(ExtensibilityGlobals) = postSolution
		SolutionGuid = {0E4B3906-A921-4C5C-B840-A68559B7D3A1}
	EndGlobalSection
EndGlobal
